<?xml version="1.0" encoding="UTF-8" standalone="yes" ?>
<CodeBlocks_project_file>
	<FileVersion major="1" minor="6" />
	<Project>
		<Option title="JeuTirLaser" />
		<Option pch_mode="2" />
		<Option compiler="gcc" />
		<Build>
			<Target title="Debug">
				<Option output="bin/Debug/JeuTirLaser" prefix_auto="1" extension_auto="1" />
				<Option object_output="obj/Debug/" />
				<Option type="1" />
				<Option compiler="gcc" />
				<Compiler>
					<Add option="-g" />
					<Add directory="include" />
					<Add directory="../JeuTirLaser" />
				</Compiler>
			</Target>
			<Target title="Release">
				<Option output="bin/Release/JeuTirLaser" prefix_auto="1" extension_auto="1" />
				<Option object_output="obj/Release/" />
				<Option type="1" />
				<Option compiler="gcc" />
				<Compiler>
					<Add option="-O2" />
					<Add directory="include" />
					<Add directory="../JeuTirLaser" />
				</Compiler>
				<Linker>
					<Add option="-s" />
				</Linker>
			</Target>
		</Build>
		<Compiler>
			<Add option="-Wall" />
			<Add option="-fexceptions" />
		</Compiler>
		<Unit filename="JeuTirLaser.cbp" />
		<Unit filename="case.cpp" />
		<Unit filename="case.h" />
		<Unit filename="casecible.cpp" />
		<Unit filename="casecible.h" />
		<Unit filename="caselaser.cpp" />
		<Unit filename="caselaser.h" />
		<Unit filename="casemiroir.cpp" />
		<Unit filename="casemiroir.h" />
		<Unit filename="casemonstre.cpp" />
		<Unit filename="casemonstre.h" />
		<Unit filename="casemur.cpp" />
		<Unit filename="casemur.h" />
		<Unit filename="casevide.cpp" />
		<Unit filename="casevide.h" />
		<Unit filename="cible.cpp" />
		<Unit filename="cible.h" />
		<Unit filename="dessinateur.cpp" />
		<Unit filename="dessinateur.h" />
		<Unit filename="game.cpp" />
		<Unit filename="game.h" />
		<Unit filename="graphics.h" />
		<Unit filename="laser.cpp" />
		<Unit filename="laser.h" />
		<Unit filename="main.cpp" />
		<Unit filename="miroir.cpp" />
		<Unit filename="miroir.h" />
		<Unit filename="monstre.cpp" />
		<Unit filename="monstre.h" />
		<Unit filename="mur.cpp" />
		<Unit filename="mur.h" />
		<Unit filename="point.cpp" />
		<Unit filename="point.h" />
		<Unit filename="terrain.cpp" />
		<Unit filename="terrain.h" />
		<Unit filename="winbgi.cpp" />
		<Extensions>
			<code_completion />
			<envvars />
			<debugger />
		</Extensions>
	</Project>
</CodeBlocks_project_file>
